// !$*UTF8*$!
{
	archiveVersion = 1;
	classes = {
	};
	objectVersion = 56;
	objects = {

/* Begin PBXBuildFile section */
		5867EAE42A31C33F003FB06D /* AppDelegate.swift in Sources */ = {isa = PBXBuildFile; fileRef = 5867EAE32A31C33F003FB06D /* AppDelegate.swift */; };
		5867EAE62A31C33F003FB06D /* SceneDelegate.swift in Sources */ = {isa = PBXBuildFile; fileRef = 5867EAE52A31C33F003FB06D /* SceneDelegate.swift */; };
		5867EAE82A31C33F003FB06D /* ViewController.swift in Sources */ = {isa = PBXBuildFile; fileRef = 5867EAE72A31C33F003FB06D /* ViewController.swift */; };
		5867EAEB2A31C33F003FB06D /* Main.storyboard in Resources */ = {isa = PBXBuildFile; fileRef = 5867EAE92A31C33F003FB06D /* Main.storyboard */; };
		5867EAED2A31C340003FB06D /* Assets.xcassets in Resources */ = {isa = PBXBuildFile; fileRef = 5867EAEC2A31C340003FB06D /* Assets.xcassets */; };
		5867EAF02A31C340003FB06D /* LaunchScreen.storyboard in Resources */ = {isa = PBXBuildFile; fileRef = 5867EAEE2A31C340003FB06D /* LaunchScreen.storyboard */; };
		5867EAFB2A31C340003FB06D /* NYTimes_AppTests.swift in Sources */ = {isa = PBXBuildFile; fileRef = 5867EAFA2A31C340003FB06D /* NYTimes_AppTests.swift */; };
		5867EB052A31C340003FB06D /* NYTimes_AppUITests.swift in Sources */ = {isa = PBXBuildFile; fileRef = 5867EB042A31C340003FB06D /* NYTimes_AppUITests.swift */; };
		5867EB072A31C340003FB06D /* NYTimes_AppUITestsLaunchTests.swift in Sources */ = {isa = PBXBuildFile; fileRef = 5867EB062A31C340003FB06D /* NYTimes_AppUITestsLaunchTests.swift */; };
/* End PBXBuildFile section */

/* Begin PBXContainerItemProxy section */
		5867EAF72A31C340003FB06D /* PBXContainerItemProxy */ = {
			isa = PBXContainerItemProxy;
			containerPortal = 5867EAD82A31C33F003FB06D /* Project object */;
			proxyType = 1;
			remoteGlobalIDString = 5867EADF2A31C33F003FB06D;
			remoteInfo = "NYTimes-App";
		};
		5867EB012A31C340003FB06D /* PBXContainerItemProxy */ = {
			isa = PBXContainerItemProxy;
			containerPortal = 5867EAD82A31C33F003FB06D /* Project object */;
			proxyType = 1;
			remoteGlobalIDString = 5867EADF2A31C33F003FB06D;
			remoteInfo = "NYTimes-App";
		};
/* End PBXContainerItemProxy section */

/* Begin PBXFileReference section */
		5867EAE02A31C33F003FB06D /* NYTimes-App.app */ = {isa = PBXFileReference; explicitFileType = wrapper.application; includeInIndex = 0; path = "NYTimes-App.app"; sourceTree = BUILT_PRODUCTS_DIR; };
		5867EAE32A31C33F003FB06D /* AppDelegate.swift */ = {isa = PBXFileReference; lastKnownFileType = sourcecode.swift; path = AppDelegate.swift; sourceTree = "<group>"; };
		5867EAE52A31C33F003FB06D /* SceneDelegate.swift */ = {isa = PBXFileReference; lastKnownFileType = sourcecode.swift; path = SceneDelegate.swift; sourceTree = "<group>"; };
		5867EAE72A31C33F003FB06D /* ViewController.swift */ = {isa = PBXFileReference; lastKnownFileType = sourcecode.swift; path = ViewController.swift; sourceTree = "<group>"; };
		5867EAEA2A31C33F003FB06D /* Base */ = {isa = PBXFileReference; lastKnownFileType = file.storyboard; name = Base; path = Base.lproj/Main.storyboard; sourceTree = "<group>"; };
		5867EAEC2A31C340003FB06D /* Assets.xcassets */ = {isa = PBXFileReference; lastKnownFileType = folder.assetcatalog; path = Assets.xcassets; sourceTree = "<group>"; };
		5867EAEF2A31C340003FB06D /* Base */ = {isa = PBXFileReference; lastKnownFileType = file.storyboard; name = Base; path = Base.lproj/LaunchScreen.storyboard; sourceTree = "<group>"; };
		5867EAF12A31C340003FB06D /* Info.plist */ = {isa = PBXFileReference; lastKnownFileType = text.plist.xml; path = Info.plist; sourceTree = "<group>"; };
		5867EAF62A31C340003FB06D /* NYTimes-AppTests.xctest */ = {isa = PBXFileReference; explicitFileType = wrapper.cfbundle; includeInIndex = 0; path = "NYTimes-AppTests.xctest"; sourceTree = BUILT_PRODUCTS_DIR; };
		5867EAFA2A31C340003FB06D /* NYTimes_AppTests.swift */ = {isa = PBXFileReference; lastKnownFileType = sourcecode.swift; path = NYTimes_AppTests.swift; sourceTree = "<group>"; };
		5867EB002A31C340003FB06D /* NYTimes-AppUITests.xctest */ = {isa = PBXFileReference; explicitFileType = wrapper.cfbundle; includeInIndex = 0; path = "NYTimes-AppUITests.xctest"; sourceTree = BUILT_PRODUCTS_DIR; };
		5867EB042A31C340003FB06D /* NYTimes_AppUITests.swift */ = {isa = PBXFileReference; lastKnownFileType = sourcecode.swift; path = NYTimes_AppUITests.swift; sourceTree = "<group>"; };
		5867EB062A31C340003FB06D /* NYTimes_AppUITestsLaunchTests.swift */ = {isa = PBXFileReference; lastKnownFileType = sourcecode.swift; path = NYTimes_AppUITestsLaunchTests.swift; sourceTree = "<group>"; };
/* End PBXFileReference section */

/* Begin PBXFrameworksBuildPhase section */
		5867EADD2A31C33F003FB06D /* Frameworks */ = {
			isa = PBXFrameworksBuildPhase;
			buildActionMask = 2147483647;
			files = (
			);
			runOnlyForDeploymentPostprocessing = 0;
		};
		5867EAF32A31C340003FB06D /* Frameworks */ = {
			isa = PBXFrameworksBuildPhase;
			buildActionMask = 2147483647;
			files = (
			);
			runOnlyForDeploymentPostprocessing = 0;
		};
		5867EAFD2A31C340003FB06D /* Frameworks */ = {
			isa = PBXFrameworksBuildPhase;
			buildActionMask = 2147483647;
			files = (
			);
			runOnlyForDeploymentPostprocessing = 0;
		};
/* End PBXFrameworksBuildPhase section */

/* Begin PBXGroup section */
		5867EAD72A31C33F003FB06D = {
			isa = PBXGroup;
			children = (
				5867EAE22A31C33F003FB06D /* NYTimes-App */,
				5867EAF92A31C340003FB06D /* NYTimes-AppTests */,
				5867EB032A31C340003FB06D /* NYTimes-AppUITests */,
				5867EAE12A31C33F003FB06D /* Products */,
			);
			sourceTree = "<group>";
		};
		5867EAE12A31C33F003FB06D /* Products */ = {
			isa = PBXGroup;
			children = (
				5867EAE02A31C33F003FB06D /* NYTimes-App.app */,
				5867EAF62A31C340003FB06D /* NYTimes-AppTests.xctest */,
				5867EB002A31C340003FB06D /* NYTimes-AppUITests.xctest */,
			);
			name = Products;
			sourceTree = "<group>";
		};
		5867EAE22A31C33F003FB06D /* NYTimes-App */ = {
			isa = PBXGroup;
			children = (
				5867EAE32A31C33F003FB06D /* AppDelegate.swift */,
				5867EAE52A31C33F003FB06D /* SceneDelegate.swift */,
				5867EAE72A31C33F003FB06D /* ViewController.swift */,
				5867EAE92A31C33F003FB06D /* Main.storyboard */,
				5867EAEC2A31C340003FB06D /* Assets.xcassets */,
				5867EAEE2A31C340003FB06D /* LaunchScreen.storyboard */,
				5867EAF12A31C340003FB06D /* Info.plist */,
			);
			path = "NYTimes-App";
			sourceTree = "<group>";
		};
		5867EAF92A31C340003FB06D /* NYTimes-AppTests */ = {
			isa = PBXGroup;
			children = (
				5867EAFA2A31C340003FB06D /* NYTimes_AppTests.swift */,
			);
			path = "NYTimes-AppTests";
			sourceTree = "<group>";
		};
		5867EB032A31C340003FB06D /* NYTimes-AppUITests */ = {
			isa = PBXGroup;
			children = (
				5867EB042A31C340003FB06D /* NYTimes_AppUITests.swift */,
				5867EB062A31C340003FB06D /* NYTimes_AppUITestsLaunchTests.swift */,
			);
			path = "NYTimes-AppUITests";
			sourceTree = "<group>";
		};
/* End PBXGroup section */

/* Begin PBXNativeTarget section */
		5867EADF2A31C33F003FB06D /* NYTimes-App */ = {
			isa = PBXNativeTarget;
			buildConfigurationList = 5867EB0A2A31C340003FB06D /* Build configuration list for PBXNativeTarget "NYTimes-App" */;
			buildPhases = (
				5867EADC2A31C33F003FB06D /* Sources */,
				5867EADD2A31C33F003FB06D /* Frameworks */,
				5867EADE2A31C33F003FB06D /* Resources */,
			);
			buildRules = (
			);
			dependencies = (
			);
			name = "NYTimes-App";
			productName = "NYTimes-App";
			productReference = 5867EAE02A31C33F003FB06D /* NYTimes-App.app */;
			productType = "com.apple.product-type.application";
		};
		5867EAF52A31C340003FB06D /* NYTimes-AppTests */ = {
			isa = PBXNativeTarget;
			buildConfigurationList = 5867EB0D2A31C340003FB06D /* Build configuration list for PBXNativeTarget "NYTimes-AppTests" */;
			buildPhases = (
				5867EAF22A31C340003FB06D /* Sources */,
				5867EAF32A31C340003FB06D /* Frameworks */,
				5867EAF42A31C340003FB06D /* Resources */,
			);
			buildRules = (
			);
			dependencies = (
				5867EAF82A31C340003FB06D /* PBXTargetDependency */,
			);
			name = "NYTimes-AppTests";
			productName = "NYTimes-AppTests";
			productReference = 5867EAF62A31C340003FB06D /* NYTimes-AppTests.xctest */;
			productType = "com.apple.product-type.bundle.unit-test";
		};
		5867EAFF2A31C340003FB06D /* NYTimes-AppUITests */ = {
			isa = PBXNativeTarget;
			buildConfigurationList = 5867EB102A31C340003FB06D /* Build configuration list for PBXNativeTarget "NYTimes-AppUITests" */;
			buildPhases = (
				5867EAFC2A31C340003FB06D /* Sources */,
				5867EAFD2A31C340003FB06D /* Frameworks */,
				5867EAFE2A31C340003FB06D /* Resources */,
			);
			buildRules = (
			);
			dependencies = (
				5867EB022A31C340003FB06D /* PBXTargetDependency */,
			);
			name = "NYTimes-AppUITests";
			productName = "NYTimes-AppUITests";
			productReference = 5867EB002A31C340003FB06D /* NYTimes-AppUITests.xctest */;
			productType = "com.apple.product-type.bundle.ui-testing";
		};
/* End PBXNativeTarget section */

/* Begin PBXProject section */
		5867EAD82A31C33F003FB06D /* Project object */ = {
			isa = PBXProject;
			attributes = {
				BuildIndependentTargetsInParallel = 1;
				LastSwiftUpdateCheck = 1430;
				LastUpgradeCheck = 1430;
				TargetAttributes = {
					5867EADF2A31C33F003FB06D = {
						CreatedOnToolsVersion = 14.3;
					};
					5867EAF52A31C340003FB06D = {
						CreatedOnToolsVersion = 14.3;
						TestTargetID = 5867EADF2A31C33F003FB06D;
					};
					5867EAFF2A31C340003FB06D = {
						CreatedOnToolsVersion = 14.3;
						TestTargetID = 5867EADF2A31C33F003FB06D;
					};
				};
			};
			buildConfigurationList = 5867EADB2A31C33F003FB06D /* Build configuration list for PBXProject "NYTimes-App" */;
			compatibilityVersion = "Xcode 14.0";
			developmentRegion = en;
			hasScannedForEncodings = 0;
			knownRegions = (
				en,
				Base,
			);
			mainGroup = 5867EAD72A31C33F003FB06D;
			productRefGroup = 5867EAE12A31C33F003FB06D /* Products */;
			projectDirPath = "";
			projectRoot = "";
			targets = (
				5867EADF2A31C33F003FB06D /* NYTimes-App */,
				5867EAF52A31C340003FB06D /* NYTimes-AppTests */,
				5867EAFF2A31C340003FB06D /* NYTimes-AppUITests */,
			);
		};
/* End PBXProject section */

/* Begin PBXResourcesBuildPhase section */
		5867EADE2A31C33F003FB06D /* Resources */ = {
			isa = PBXResourcesBuildPhase;
			buildActionMask = 2147483647;
			files = (
				5867EAF02A31C340003FB06D /* LaunchScreen.storyboard in Resources */,
				5867EAED2A31C340003FB06D /* Assets.xcassets in Resources */,
				5867EAEB2A31C33F003FB06D /* Main.storyboard in Resources */,
			);
			runOnlyForDeploymentPostprocessing = 0;
		};
		5867EAF42A31C340003FB06D /* Resources */ = {
			isa = PBXResourcesBuildPhase;
			buildActionMask = 2147483647;
			files = (
			);
			runOnlyForDeploymentPostprocessing = 0;
		};
		5867EAFE2A31C340003FB06D /* Resources */ = {
			isa = PBXResourcesBuildPhase;
			buildActionMask = 2147483647;
			files = (
			);
			runOnlyForDeploymentPostprocessing = 0;
		};
/* End PBXResourcesBuildPhase section */

/* Begin PBXSourcesBuildPhase section */
		5867EADC2A31C33F003FB06D /* Sources */ = {
			isa = PBXSourcesBuildPhase;
			buildActionMask = 2147483647;
			files = (
				5867EAE82A31C33F003FB06D /* ViewController.swift in Sources */,
				5867EAE42A31C33F003FB06D /* AppDelegate.swift in Sources */,
				5867EAE62A31C33F003FB06D /* SceneDelegate.swift in Sources */,
			);
			runOnlyForDeploymentPostprocessing = 0;
		};
		5867EAF22A31C340003FB06D /* Sources */ = {
			isa = PBXSourcesBuildPhase;
			buildActionMask = 2147483647;
			files = (
				5867EAFB2A31C340003FB06D /* NYTimes_AppTests.swift in Sources */,
			);
			runOnlyForDeploymentPostprocessing = 0;
		};
		5867EAFC2A31C340003FB06D /* Sources */ = {
			isa = PBXSourcesBuildPhase;
			buildActionMask = 2147483647;
			files = (
				5867EB072A31C340003FB06D /* NYTimes_AppUITestsLaunchTests.swift in Sources */,
				5867EB052A31C340003FB06D /* NYTimes_AppUITests.swift in Sources */,
			);
			runOnlyForDeploymentPostprocessing = 0;
		};
/* End PBXSourcesBuildPhase section */

/* Begin PBXTargetDependency section */
		5867EAF82A31C340003FB06D /* PBXTargetDependency */ = {
			isa = PBXTargetDependency;
			target = 5867EADF2A31C33F003FB06D /* NYTimes-App */;
			targetProxy = 5867EAF72A31C340003FB06D /* PBXContainerItemProxy */;
		};
		5867EB022A31C340003FB06D /* PBXTargetDependency */ = {
			isa = PBXTargetDependency;
			target = 5867EADF2A31C33F003FB06D /* NYTimes-App */;
			targetProxy = 5867EB012A31C340003FB06D /* PBXContainerItemProxy */;
		};
/* End PBXTargetDependency section */

/* Begin PBXVariantGroup section */
		5867EAE92A31C33F003FB06D /* Main.storyboard */ = {
			isa = PBXVariantGroup;
			children = (
				5867EAEA2A31C33F003FB06D /* Base */,
			);
			name = Main.storyboard;
			sourceTree = "<group>";
		};
		5867EAEE2A31C340003FB06D /* LaunchScreen.storyboard */ = {
			isa = PBXVariantGroup;
			children = (
				5867EAEF2A31C340003FB06D /* Base */,
			);
			name = LaunchScreen.storyboard;
			sourceTree = "<group>";
		};
/* End PBXVariantGroup section */

/* Begin XCBuildConfiguration section */
		5867EB082A31C340003FB06D /* Debug */ = {
			isa = XCBuildConfiguration;
			buildSettings = {
				ALWAYS_SEARCH_USER_PATHS = NO;
				CLANG_ANALYZER_NONNULL = YES;
				CLANG_ANALYZER_NUMBER_OBJECT_CONVERSION = YES_AGGRESSIVE;
				CLANG_CXX_LANGUAGE_STANDARD = "gnu++20";
				CLANG_ENABLE_MODULES = YES;
				CLANG_ENABLE_OBJC_ARC = YES;
				CLANG_ENABLE_OBJC_WEAK = YES;
				CLANG_WARN_BLOCK_CAPTURE_AUTORELEASING = YES;
				CLANG_WARN_BOOL_CONVERSION = YES;
				CLANG_WARN_COMMA = YES;
				CLANG_WARN_CONSTANT_CONVERSION = YES;
				CLANG_WARN_DEPRECATED_OBJC_IMPLEMENTATIONS = YES;
				CLANG_WARN_DIRECT_OBJC_ISA_USAGE = YES_ERROR;
				CLANG_WARN_DOCUMENTATION_COMMENTS = YES;
				CLANG_WARN_EMPTY_BODY = YES;
				CLANG_WARN_ENUM_CONVERSION = YES;
				CLANG_WARN_INFINITE_RECURSION = YES;
				CLANG_WARN_INT_CONVERSION = YES;
				CLANG_WARN_NON_LITERAL_NULL_CONVERSION = YES;
				CLANG_WARN_OBJC_IMPLICIT_RETAIN_SELF = YES;
				CLANG_WARN_OBJC_LITERAL_CONVERSION = YES;
				CLANG_WARN_OBJC_ROOT_CLASS = YES_ERROR;
				CLANG_WARN_QUOTED_INCLUDE_IN_FRAMEWORK_HEADER = YES;
				CLANG_WARN_RANGE_LOOP_ANALYSIS = YES;
				CLANG_WARN_STRICT_PROTOTYPES = YES;
				CLANG_WARN_SUSPICIOUS_MOVE = YES;
				CLANG_WARN_UNGUARDED_AVAILABILITY = YES_AGGRESSIVE;
				CLANG_WARN_UNREACHABLE_CODE = YES;
				CLANG_WARN__DUPLICATE_METHOD_MATCH = YES;
				COPY_PHASE_STRIP = NO;
				DEBUG_INFORMATION_FORMAT = dwarf;
				ENABLE_STRICT_OBJC_MSGSEND = YES;
				ENABLE_TESTABILITY = YES;
				GCC_C_LANGUAGE_STANDARD = gnu11;
				GCC_DYNAMIC_NO_PIC = NO;
				GCC_NO_COMMON_BLOCKS = YES;
				GCC_OPTIMIZATION_LEVEL = 0;
				GCC_PREPROCESSOR_DEFINITIONS = (
					"DEBUG=1",
					"$(inherited)",
				);
				GCC_WARN_64_TO_32_BIT_CONVERSION = YES;
				GCC_WARN_ABOUT_RETURN_TYPE = YES_ERROR;
				GCC_WARN_UNDECLARED_SELECTOR = YES;
				GCC_WARN_UNINITIALIZED_AUTOS = YES_AGGRESSIVE;
				GCC_WARN_UNUSED_FUNCTION = YES;
				GCC_WARN_UNUSED_VARIABLE = YES;
				IPHONEOS_DEPLOYMENT_TARGET = 16.4;
				MTL_ENABLE_DEBUG_INFO = INCLUDE_SOURCE;
				MTL_FAST_MATH = YES;
				ONLY_ACTIVE_ARCH = YES;
				SDKROOT = iphoneos;
				SWIFT_ACTIVE_COMPILATION_CONDITIONS = DEBUG;
				SWIFT_OPTIMIZATION_LEVEL = "-Onone";
			};
			name = Debug;
		};
		5867EB092A31C340003FB06D /* Release */ = {
			isa = XCBuildConfiguration;
			buildSettings = {
				ALWAYS_SEARCH_USER_PATHS = NO;
				CLANG_ANALYZER_NONNULL = YES;
				CLANG_ANALYZER_NUMBER_OBJECT_CONVERSION = YES_AGGRESSIVE;
				CLANG_CXX_LANGUAGE_STANDARD = "gnu++20";
				CLANG_ENABLE_MODULES = YES;
				CLANG_ENABLE_OBJC_ARC = YES;
				CLANG_ENABLE_OBJC_WEAK = YES;
				CLANG_WARN_BLOCK_CAPTURE_AUTORELEASING = YES;
				CLANG_WARN_BOOL_CONVERSION = YES;
				CLANG_WARN_COMMA = YES;
				CLANG_WARN_CONSTANT_CONVERSION = YES;
				CLANG_WARN_DEPRECATED_OBJC_IMPLEMENTATIONS = YES;
				CLANG_WARN_DIRECT_OBJC_ISA_USAGE = YES_ERROR;
				CLANG_WARN_DOCUMENTATION_COMMENTS = YES;
				CLANG_WARN_EMPTY_BODY = YES;
				CLANG_WARN_ENUM_CONVERSION = YES;
				CLANG_WARN_INFINITE_RECURSION = YES;
				CLANG_WARN_INT_CONVERSION = YES;
				CLANG_WARN_NON_LITERAL_NULL_CONVERSION = YES;
				CLANG_WARN_OBJC_IMPLICIT_RETAIN_SELF = YES;
				CLANG_WARN_OBJC_LITERAL_CONVERSION = YES;
				CLANG_WARN_OBJC_ROOT_CLASS = YES_ERROR;
				CLANG_WARN_QUOTED_INCLUDE_IN_FRAMEWORK_HEADER = YES;
				CLANG_WARN_RANGE_LOOP_ANALYSIS = YES;
				CLANG_WARN_STRICT_PROTOTYPES = YES;
				CLANG_WARN_SUSPICIOUS_MOVE = YES;
				CLANG_WARN_UNGUARDED_AVAILABILITY = YES_AGGRESSIVE;
				CLANG_WARN_UNREACHABLE_CODE = YES;
				CLANG_WARN__DUPLICATE_METHOD_MATCH = YES;
				COPY_PHASE_STRIP = NO;
				DEBUG_INFORMATION_FORMAT = "dwarf-with-dsym";
				ENABLE_NS_ASSERTIONS = NO;
				ENABLE_STRICT_OBJC_MSGSEND = YES;
				GCC_C_LANGUAGE_STANDARD = gnu11;
				GCC_NO_COMMON_BLOCKS = YES;
				GCC_WARN_64_TO_32_BIT_CONVERSION = YES;
				GCC_WARN_ABOUT_RETURN_TYPE = YES_ERROR;
				GCC_WARN_UNDECLARED_SELECTOR = YES;
				GCC_WARN_UNINITIALIZED_AUTOS = YES_AGGRESSIVE;
				GCC_WARN_UNUSED_FUNCTION = YES;
				GCC_WARN_UNUSED_VARIABLE = YES;
				IPHONEOS_DEPLOYMENT_TARGET = 16.4;
				MTL_ENABLE_DEBUG_INFO = NO;
				MTL_FAST_MATH = YES;
				SDKROOT = iphoneos;
				SWIFT_COMPILATION_MODE = wholemodule;
				SWIFT_OPTIMIZATION_LEVEL = "-O";
				VALIDATE_PRODUCT = YES;
			};
			name = Release;
		};
		5867EB0B2A31C340003FB06D /* Debug */ = {
			isa = XCBuildConfiguration;
			buildSettings = {
				ASSETCATALOG_COMPILER_APPICON_NAME = AppIcon;
				ASSETCATALOG_COMPILER_GLOBAL_ACCENT_COLOR_NAME = AccentColor;
				CODE_SIGN_STYLE = Automatic;
				CURRENT_PROJECT_VERSION = 1;
				GENERATE_INFOPLIST_FILE = YES;
				INFOPLIST_FILE = "NYTimes-App/Info.plist";
				INFOPLIST_KEY_UIApplicationSupportsIndirectInputEvents = YES;
				INFOPLIST_KEY_UILaunchStoryboardName = LaunchScreen;
				INFOPLIST_KEY_UIMainStoryboardFile = Main;
				INFOPLIST_KEY_UISupportedInterfaceOrientations_iPad = "UIInterfaceOrientationPortrait UIInterfaceOrientationPortraitUpsideDown UIInterfaceOrientationLandscapeLeft UIInterfaceOrientationLandscapeRight";
				INFOPLIST_KEY_UISupportedInterfaceOrientations_iPhone = "UIInterfaceOrientationPortrait UIInterfaceOrientationLandscapeLeft UIInterfaceOrientationLandscapeRight";
				LD_RUNPATH_SEARCH_PATHS = (
					"$(inherited)",
					"@executable_path/Frameworks",
				);
				MARKETING_VERSION = 1.0;
				PRODUCT_BUNDLE_IDENTIFIER = "com.freebie.NYTimes-App";
				PRODUCT_NAME = "$(TARGET_NAME)";
				SWIFT_EMIT_LOC_STRINGS = YES;
				SWIFT_VERSION = 5.0;
				TARGETED_DEVICE_FAMILY = "1,2";
			};
			name = Debug;
		};
		5867EB0C2A31C340003FB06D /* Release */ = {
			isa = XCBuildConfiguration;
			buildSettings = {
				ASSETCATALOG_COMPILER_APPICON_NAME = AppIcon;
				ASSETCATALOG_COMPILER_GLOBAL_ACCENT_COLOR_NAME = AccentColor;
				CODE_SIGN_STYLE = Automatic;
				CURRENT_PROJECT_VERSION = 1;
				GENERATE_INFOPLIST_FILE = YES;
				INFOPLIST_FILE = "NYTimes-App/Info.plist";
				INFOPLIST_KEY_UIApplicationSupportsIndirectInputEvents = YES;
				INFOPLIST_KEY_UILaunchStoryboardName = LaunchScreen;
				INFOPLIST_KEY_UIMainStoryboardFile = Main;
				INFOPLIST_KEY_UISupportedInterfaceOrientations_iPad = "UIInterfaceOrientationPortrait UIInterfaceOrientationPortraitUpsideDown UIInterfaceOrientationLandscapeLeft UIInterfaceOrientationLandscapeRight";
				INFOPLIST_KEY_UISupportedInterfaceOrientations_iPhone = "UIInterfaceOrientationPortrait UIInterfaceOrientationLandscapeLeft UIInterfaceOrientationLandscapeRight";
				LD_RUNPATH_SEARCH_PATHS = (
					"$(inherited)",
					"@executable_path/Frameworks",
				);
				MARKETING_VERSION = 1.0;
				PRODUCT_BUNDLE_IDENTIFIER = "com.freebie.NYTimes-App";
				PRODUCT_NAME = "$(TARGET_NAME)";
				SWIFT_EMIT_LOC_STRINGS = YES;
				SWIFT_VERSION = 5.0;
				TARGETED_DEVICE_FAMILY = "1,2";
			};
			name = Release;
		};
		5867EB0E2A31C340003FB06D /* Debug */ = {
			isa = XCBuildConfiguration;
			buildSettings = {
				ALWAYS_EMBED_SWIFT_STANDARD_LIBRARIES = YES;
				BUNDLE_LOADER = "$(TEST_HOST)";
				CODE_SIGN_STYLE = Automatic;
				CURRENT_PROJECT_VERSION = 1;
				GENERATE_INFOPLIST_FILE = YES;
				IPHONEOS_DEPLOYMENT_TARGET = 16.4;
				MARKETING_VERSION = 1.0;
				PRODUCT_BUNDLE_IDENTIFIER = "com.freebie.NYTimes-AppTests";
				PRODUCT_NAME = "$(TARGET_NAME)";
				SWIFT_EMIT_LOC_STRINGS = NO;
				SWIFT_VERSION = 5.0;
				TARGETED_DEVICE_FAMILY = "1,2";
				TEST_HOST = "$(BUILT_PRODUCTS_DIR)/NYTimes-App.app/$(BUNDLE_EXECUTABLE_FOLDER_PATH)/NYTimes-App";
			};
			name = Debug;
		};
		5867EB0F2A31C340003FB06D /* Release */ = {
			isa = XCBuildConfiguration;
			buildSettings = {
				ALWAYS_EMBED_SWIFT_STANDARD_LIBRARIES = YES;
				BUNDLE_LOADER = "$(TEST_HOST)";
				CODE_SIGN_STYLE = Automatic;
				CURRENT_PROJECT_VERSION = 1;
				GENERATE_INFOPLIST_FILE = YES;
				IPHONEOS_DEPLOYMENT_TARGET = 16.4;
				MARKETING_VERSION = 1.0;
				PRODUCT_BUNDLE_IDENTIFIER = "com.freebie.NYTimes-AppTests";
				PRODUCT_NAME = "$(TARGET_NAME)";
				SWIFT_EMIT_LOC_STRINGS = NO;
				SWIFT_VERSION = 5.0;
				TARGETED_DEVICE_FAMILY = "1,2";
				TEST_HOST = "$(BUILT_PRODUCTS_DIR)/NYTimes-App.app/$(BUNDLE_EXECUTABLE_FOLDER_PATH)/NYTimes-App";
			};
			name = Release;
		};
		5867EB112A31C340003FB06D /* Debug */ = {
			isa = XCBuildConfiguration;
			buildSettings = {
				ALWAYS_EMBED_SWIFT_STANDARD_LIBRARIES = YES;
				CODE_SIGN_STYLE = Automatic;
				CURRENT_PROJECT_VERSION = 1;
				GENERATE_INFOPLIST_FILE = YES;
				MARKETING_VERSION = 1.0;
				PRODUCT_BUNDLE_IDENTIFIER = "com.freebie.NYTimes-AppUITests";
				PRODUCT_NAME = "$(TARGET_NAME)";
				SWIFT_EMIT_LOC_STRINGS = NO;
				SWIFT_VERSION = 5.0;
				TARGETED_DEVICE_FAMILY = "1,2";
				TEST_TARGET_NAME = "NYTimes-App";
			};
			name = Debug;
		};
		5867EB122A31C340003FB06D /* Release */ = {
			isa = XCBuildConfiguration;
			buildSettings = {
				ALWAYS_EMBED_SWIFT_STANDARD_LIBRARIES = YES;
				CODE_SIGN_STYLE = Automatic;
				CURRENT_PROJECT_VERSION = 1;
				GENERATE_INFOPLIST_FILE = YES;
				MARKETING_VERSION = 1.0;
				PRODUCT_BUNDLE_IDENTIFIER = "com.freebie.NYTimes-AppUITests";
				PRODUCT_NAME = "$(TARGET_NAME)";
				SWIFT_EMIT_LOC_STRINGS = NO;
				SWIFT_VERSION = 5.0;
				TARGETED_DEVICE_FAMILY = "1,2";
				TEST_TARGET_NAME = "NYTimes-App";
			};
			name = Release;
		};
/* End XCBuildConfiguration section */

/* Begin XCConfigurationList section */
		5867EADB2A31C33F003FB06D /* Build configuration list for PBXProject "NYTimes-App" */ = {
			isa = XCConfigurationList;
			buildConfigurations = (
				5867EB082A31C340003FB06D /* Debug */,
				5867EB092A31C340003FB06D /* Release */,
			);
			defaultConfigurationIsVisible = 0;
			defaultConfigurationName = Release;
		};
		5867EB0A2A31C340003FB06D /* Build configuration list for PBXNativeTarget "NYTimes-App" */ = {
			isa = XCConfigurationList;
			buildConfigurations = (
				5867EB0B2A31C340003FB06D /* Debug */,
				5867EB0C2A31C340003FB06D /* Release */,
			);
			defaultConfigurationIsVisible = 0;
			defaultConfigurationName = Release;
		};
		5867EB0D2A31C340003FB06D /* Build configuration list for PBXNativeTarget "NYTimes-AppTests" */ = {
			isa = XCConfigurationList;
			buildConfigurations = (
				5867EB0E2A31C340003FB06D /* Debug */,
				5867EB0F2A31C340003FB06D /* Release */,
			);
			defaultConfigurationIsVisible = 0;
			defaultConfigurationName = Release;
		};
		5867EB102A31C340003FB06D /* Build configuration list for PBXNativeTarget "NYTimes-AppUITests" */ = {
			isa = XCConfigurationList;
			buildConfigurations = (
				5867EB112A31C340003FB06D /* Debug */,
				5867EB122A31C340003FB06D /* Release */,
			);
			defaultConfigurationIsVisible = 0;
			defaultConfigurationName = Release;
		};
/* End XCConfigurationList section */
	};
	rootObject = 5867EAD82A31C33F003FB06D /* Project object */;
}
